
Microsoft Visual Studio Solution File, Format Version 12.00
# Visual Studio 15
VisualStudioVersion = 15.0.27130.2036
MinimumVisualStudioVersion = 10.0.40219.1
Project("{FAE04EC0-301F-11D3-BF4B-00C04F79EFBC}") = "01. Joro The Football Player", "01. Joro The Football Player\01. Joro The Football Player.csproj", "{B06D3251-B455-4068-A8D1-6723BE15F5FD}"
EndProject
Global
	GlobalSection(SolutionConfigurationPlatforms) = preSolution
		Debug|Any CPU = Debug|Any CPU
		Release|Any CPU = Release|Any CPU
	EndGlobalSection
	GlobalSection(ProjectConfigurationPlatforms) = postSolution
		{B06D3251-B455-4068-A8D1-6723BE15F5FD}.Debug|Any CPU.ActiveCfg = Debug|Any CPU
		{B06D3251-B455-4068-A8D1-6723BE15F5FD}.Debug|Any CPU.Build.0 = Debug|Any CPU
		{B06D3251-B455-4068-A8D1-6723BE15F5FD}.Release|Any CPU.ActiveCfg = Release|Any CPU
		{B06D3251-B455-4068-A8D1-6723BE15F5FD}.Release|Any CPU.Build.0 = Release|Any CPU
	EndGlobalSection
	GlobalSection(SolutionProperties) = preSolution
		HideSolutionNode = FALSE
	EndGlobalSection
	GlobalSection(ExtensibilityGlobals) = postSolution
		SolutionGuid = {FFAA266D-59B2-41FE-8B22-FF3C62C4EEAF}
	EndGlobalSection
EndGlobal
